
Microsoft Visual Studio Solution File, Format Version 12.00
# Visual Studio Version 17
VisualStudioVersion = 17.8.34330.188
MinimumVisualStudioVersion = 10.0.40219.1
Project("{9A19103F-16F7-4668-BE54-9A1E7A4F7556}") = "msGIS.ProPluginDatasource_EntityFile_3x", "msGIS.ProPluginDatasource_EntityFile_3x.csproj", "{F2569E77-BE70-4DB1-8BC2-F4092A0CCCDA}"
EndProject
Project("{9A19103F-16F7-4668-BE54-9A1E7A4F7556}") = "msGIS.ProApp_Common_FIWARE_3x", "..\..\..\ProApp-Common\msGIS.ProApp_Common_FIWARE_3x.csproj", "{D88C0BCC-17BD-4148-945C-DC8BF35E3A5B}"
EndProject
Global
	GlobalSection(SolutionConfigurationPlatforms) = preSolution
		Debug|Any CPU = Debug|Any CPU
		Release|Any CPU = Release|Any CPU
	EndGlobalSection
	GlobalSection(ProjectConfigurationPlatforms) = postSolution
		{F2569E77-BE70-4DB1-8BC2-F4092A0CCCDA}.Debug|Any CPU.ActiveCfg = Debug|Any CPU
		{F2569E77-BE70-4DB1-8BC2-F4092A0CCCDA}.Debug|Any CPU.Build.0 = Debug|Any CPU
		{F2569E77-BE70-4DB1-8BC2-F4092A0CCCDA}.Release|Any CPU.ActiveCfg = Release|Any CPU
		{F2569E77-BE70-4DB1-8BC2-F4092A0CCCDA}.Release|Any CPU.Build.0 = Release|Any CPU
		{D88C0BCC-17BD-4148-945C-DC8BF35E3A5B}.Debug|Any CPU.ActiveCfg = Debug|Any CPU
		{D88C0BCC-17BD-4148-945C-DC8BF35E3A5B}.Debug|Any CPU.Build.0 = Debug|Any CPU
		{D88C0BCC-17BD-4148-945C-DC8BF35E3A5B}.Release|Any CPU.ActiveCfg = Release|Any CPU
		{D88C0BCC-17BD-4148-945C-DC8BF35E3A5B}.Release|Any CPU.Build.0 = Release|Any CPU
	EndGlobalSection
	GlobalSection(SolutionProperties) = preSolution
		HideSolutionNode = FALSE
	EndGlobalSection
	GlobalSection(ExtensibilityGlobals) = postSolution
		SolutionGuid = {002BEBDC-1216-4DAF-B958-91C0D8B0893E}
	EndGlobalSection
EndGlobal
