
Microsoft Visual Studio Solution File, Format Version 12.00
# Visual Studio Version 17
VisualStudioVersion = 17.8.34511.84
MinimumVisualStudioVersion = 10.0.40219.1
Project("{9A19103F-16F7-4668-BE54-9A1E7A4F7556}") = "msGIS.ProApp_FiwareSummit_3_2", "msGIS.ProApp_FiwareSummit_3_2.csproj", "{0E46A68F-3D88-4EE2-89DA-46C4A4E686EC}"
	ProjectSection(ProjectDependencies) = postProject
		{3718DB78-BE51-4A50-83FA-3D960A1661E7} = {3718DB78-BE51-4A50-83FA-3D960A1661E7}
	EndProjectSection
EndProject
Project("{9A19103F-16F7-4668-BE54-9A1E7A4F7556}") = "msGIS.ProApp_Base_FIWARE_3_2", "..\..\fiwareLab-arcgispro\ProAddin_Base_FIWARE\msGIS.ProApp_Base_FIWARE_3_2.csproj", "{3718DB78-BE51-4A50-83FA-3D960A1661E7}"
EndProject
Project("{9A19103F-16F7-4668-BE54-9A1E7A4F7556}") = "msGIS.ProApp_Vault_FIWARE_3_2", "..\..\fiwareLab-arcgispro\ProAddin_Vault_FIWARE\msGIS.ProApp_Vault_FIWARE_3_2.csproj", "{3A9952F3-BB8A-455C-843D-3B158627F1A8}"
EndProject
Global
	GlobalSection(SolutionConfigurationPlatforms) = preSolution
		Debug|Any CPU = Debug|Any CPU
		Release|Any CPU = Release|Any CPU
	EndGlobalSection
	GlobalSection(ProjectConfigurationPlatforms) = postSolution
		{0E46A68F-3D88-4EE2-89DA-46C4A4E686EC}.Debug|Any CPU.ActiveCfg = Debug|Any CPU
		{0E46A68F-3D88-4EE2-89DA-46C4A4E686EC}.Debug|Any CPU.Build.0 = Debug|Any CPU
		{0E46A68F-3D88-4EE2-89DA-46C4A4E686EC}.Release|Any CPU.ActiveCfg = Release|Any CPU
		{0E46A68F-3D88-4EE2-89DA-46C4A4E686EC}.Release|Any CPU.Build.0 = Release|Any CPU
		{3718DB78-BE51-4A50-83FA-3D960A1661E7}.Debug|Any CPU.ActiveCfg = Debug|Any CPU
		{3718DB78-BE51-4A50-83FA-3D960A1661E7}.Debug|Any CPU.Build.0 = Debug|Any CPU
		{3718DB78-BE51-4A50-83FA-3D960A1661E7}.Release|Any CPU.ActiveCfg = Release|Any CPU
		{3718DB78-BE51-4A50-83FA-3D960A1661E7}.Release|Any CPU.Build.0 = Release|Any CPU
		{3A9952F3-BB8A-455C-843D-3B158627F1A8}.Debug|Any CPU.ActiveCfg = Debug|Any CPU
		{3A9952F3-BB8A-455C-843D-3B158627F1A8}.Debug|Any CPU.Build.0 = Debug|Any CPU
		{3A9952F3-BB8A-455C-843D-3B158627F1A8}.Release|Any CPU.ActiveCfg = Release|Any CPU
		{3A9952F3-BB8A-455C-843D-3B158627F1A8}.Release|Any CPU.Build.0 = Release|Any CPU
	EndGlobalSection
	GlobalSection(SolutionProperties) = preSolution
		HideSolutionNode = FALSE
	EndGlobalSection
	GlobalSection(ExtensibilityGlobals) = postSolution
		SolutionGuid = {F740C20F-097B-47D7-8425-796205AC6431}
	EndGlobalSection
EndGlobal
