
Microsoft Visual Studio Solution File, Format Version 12.00
# Visual Studio Version 17
VisualStudioVersion = 17.6.33717.318
MinimumVisualStudioVersion = 10.0.40219.1
Project("{9A19103F-16F7-4668-BE54-9A1E7A4F7556}") = "msGIS.ProApp_FiwareTest_3x", "msGIS.ProApp_FiwareTest_3x.csproj", "{BBD52C20-2EF1-4192-9602-D99AB0F7CACE}"
	ProjectSection(ProjectDependencies) = postProject
		{07930940-E7A4-4B86-BCA8-218C3FFCF46A} = {07930940-E7A4-4B86-BCA8-218C3FFCF46A}
		{352C76B6-4426-45CC-AC2B-85CABF7E9349} = {352C76B6-4426-45CC-AC2B-85CABF7E9349}
		{9C3C864C-BB7B-4679-AA93-775DEBFB0821} = {9C3C864C-BB7B-4679-AA93-775DEBFB0821}
	EndProjectSection
EndProject
Project("{9A19103F-16F7-4668-BE54-9A1E7A4F7556}") = "msGIS.ProApp_Common_FIWARE_3x", "..\..\..\ProApp-Common\msGIS.ProApp_Common_FIWARE_3x.csproj", "{07930940-E7A4-4B86-BCA8-218C3FFCF46A}"
EndProject
Project("{9A19103F-16F7-4668-BE54-9A1E7A4F7556}") = "msGIS.ProPluginDatasource_EntityFile_3x", "..\ProPluginDatasource_EntityFile\msGIS.ProPluginDatasource_EntityFile_3x.csproj", "{352C76B6-4426-45CC-AC2B-85CABF7E9349}"
EndProject
Project("{9A19103F-16F7-4668-BE54-9A1E7A4F7556}") = "msGIS.ProPluginDatasource_FiwareHttpClient_3x", "..\ProPluginDatasource_FiwareHttpClient\msGIS.ProPluginDatasource_FiwareHttpClient_3x.csproj", "{9C3C864C-BB7B-4679-AA93-775DEBFB0821}"
	ProjectSection(ProjectDependencies) = postProject
		{07930940-E7A4-4B86-BCA8-218C3FFCF46A} = {07930940-E7A4-4B86-BCA8-218C3FFCF46A}
	EndProjectSection
EndProject
Global
	GlobalSection(SolutionConfigurationPlatforms) = preSolution
		Debug|Any CPU = Debug|Any CPU
		Release|Any CPU = Release|Any CPU
	EndGlobalSection
	GlobalSection(ProjectConfigurationPlatforms) = postSolution
		{BBD52C20-2EF1-4192-9602-D99AB0F7CACE}.Debug|Any CPU.ActiveCfg = Debug|Any CPU
		{BBD52C20-2EF1-4192-9602-D99AB0F7CACE}.Debug|Any CPU.Build.0 = Debug|Any CPU
		{BBD52C20-2EF1-4192-9602-D99AB0F7CACE}.Release|Any CPU.ActiveCfg = Release|Any CPU
		{BBD52C20-2EF1-4192-9602-D99AB0F7CACE}.Release|Any CPU.Build.0 = Release|Any CPU
		{07930940-E7A4-4B86-BCA8-218C3FFCF46A}.Debug|Any CPU.ActiveCfg = Debug|Any CPU
		{07930940-E7A4-4B86-BCA8-218C3FFCF46A}.Debug|Any CPU.Build.0 = Debug|Any CPU
		{07930940-E7A4-4B86-BCA8-218C3FFCF46A}.Release|Any CPU.ActiveCfg = Release|Any CPU
		{07930940-E7A4-4B86-BCA8-218C3FFCF46A}.Release|Any CPU.Build.0 = Release|Any CPU
		{352C76B6-4426-45CC-AC2B-85CABF7E9349}.Debug|Any CPU.ActiveCfg = Debug|Any CPU
		{352C76B6-4426-45CC-AC2B-85CABF7E9349}.Debug|Any CPU.Build.0 = Debug|Any CPU
		{352C76B6-4426-45CC-AC2B-85CABF7E9349}.Release|Any CPU.ActiveCfg = Release|Any CPU
		{352C76B6-4426-45CC-AC2B-85CABF7E9349}.Release|Any CPU.Build.0 = Release|Any CPU
		{9C3C864C-BB7B-4679-AA93-775DEBFB0821}.Debug|Any CPU.ActiveCfg = Debug|Any CPU
		{9C3C864C-BB7B-4679-AA93-775DEBFB0821}.Debug|Any CPU.Build.0 = Debug|Any CPU
		{9C3C864C-BB7B-4679-AA93-775DEBFB0821}.Release|Any CPU.ActiveCfg = Release|Any CPU
		{9C3C864C-BB7B-4679-AA93-775DEBFB0821}.Release|Any CPU.Build.0 = Release|Any CPU
	EndGlobalSection
	GlobalSection(SolutionProperties) = preSolution
		HideSolutionNode = FALSE
	EndGlobalSection
	GlobalSection(ExtensibilityGlobals) = postSolution
		SolutionGuid = {27B153E2-EBE9-403F-A83D-692023794674}
	EndGlobalSection
EndGlobal
