
Microsoft Visual Studio Solution File, Format Version 12.00
# Visual Studio Version 17
VisualStudioVersion = 17.8.34309.116
MinimumVisualStudioVersion = 10.0.40219.1
Project("{9A19103F-16F7-4668-BE54-9A1E7A4F7556}") = "msGIS.ProPluginDatasource_FIWARE_3x", "msGIS.ProPluginDatasource_FIWARE_3x.csproj", "{76D2B927-296B-4E2A-B86D-5AD0A61BC536}"
EndProject
Global
	GlobalSection(SolutionConfigurationPlatforms) = preSolution
		Debug|Any CPU = Debug|Any CPU
		Release|Any CPU = Release|Any CPU
	EndGlobalSection
	GlobalSection(ProjectConfigurationPlatforms) = postSolution
		{76D2B927-296B-4E2A-B86D-5AD0A61BC536}.Debug|Any CPU.ActiveCfg = Debug|Any CPU
		{76D2B927-296B-4E2A-B86D-5AD0A61BC536}.Debug|Any CPU.Build.0 = Debug|Any CPU
		{76D2B927-296B-4E2A-B86D-5AD0A61BC536}.Release|Any CPU.ActiveCfg = Release|Any CPU
		{76D2B927-296B-4E2A-B86D-5AD0A61BC536}.Release|Any CPU.Build.0 = Release|Any CPU
	EndGlobalSection
	GlobalSection(SolutionProperties) = preSolution
		HideSolutionNode = FALSE
	EndGlobalSection
	GlobalSection(ExtensibilityGlobals) = postSolution
		SolutionGuid = {92350F93-E4C6-492D-A44E-E366AF1B9B98}
	EndGlobalSection
EndGlobal
